
Microsoft Visual Studio Solution File, Format Version 12.00
# Visual Studio Version 17
VisualStudioVersion = 17.9.34723.18
MinimumVisualStudioVersion = 10.0.40219.1
Project("{FAE04EC0-301F-11D3-BF4B-00C04F79EFBC}") = "ConsoleAppServer", "ConsoleAppServer\ConsoleAppServer.csproj", "{7193FAFA-9542-4254-84D8-011E24A168AF}"
EndProject
Global
	GlobalSection(SolutionConfigurationPlatforms) = preSolution
		Debug|Any CPU = Debug|Any CPU
		Release|Any CPU = Release|Any CPU
	EndGlobalSection
	GlobalSection(ProjectConfigurationPlatforms) = postSolution
		{7193FAFA-9542-4254-84D8-011E24A168AF}.Debug|Any CPU.ActiveCfg = Debug|Any CPU
		{7193FAFA-9542-4254-84D8-011E24A168AF}.Debug|Any CPU.Build.0 = Debug|Any CPU
		{7193FAFA-9542-4254-84D8-011E24A168AF}.Release|Any CPU.ActiveCfg = Release|Any CPU
		{7193FAFA-9542-4254-84D8-011E24A168AF}.Release|Any CPU.Build.0 = Release|Any CPU
	EndGlobalSection
	GlobalSection(SolutionProperties) = preSolution
		HideSolutionNode = FALSE
	EndGlobalSection
	GlobalSection(ExtensibilityGlobals) = postSolution
		SolutionGuid = {FC21E85E-05C4-4BD3-B82B-CEA826446C38}
	EndGlobalSection
EndGlobal
