
Microsoft Visual Studio Solution File, Format Version 12.00
# Visual Studio Version 17
VisualStudioVersion = 17.5.002.0
MinimumVisualStudioVersion = 10.0.40219.1
Project("{9A19103F-16F7-4668-BE54-9A1E7A4F7556}") = "ToDo", "ToDo.csproj", "{DB53FF21-F0B5-45CB-B546-19ABAAB60E10}"
EndProject
Global
	GlobalSection(SolutionConfigurationPlatforms) = preSolution
		Debug|Any CPU = Debug|Any CPU
		Release|Any CPU = Release|Any CPU
	EndGlobalSection
	GlobalSection(ProjectConfigurationPlatforms) = postSolution
		{DB53FF21-F0B5-45CB-B546-19ABAAB60E10}.Debug|Any CPU.ActiveCfg = Debug|Any CPU
		{DB53FF21-F0B5-45CB-B546-19ABAAB60E10}.Debug|Any CPU.Build.0 = Debug|Any CPU
		{DB53FF21-F0B5-45CB-B546-19ABAAB60E10}.Release|Any CPU.ActiveCfg = Release|Any CPU
		{DB53FF21-F0B5-45CB-B546-19ABAAB60E10}.Release|Any CPU.Build.0 = Release|Any CPU
	EndGlobalSection
	GlobalSection(SolutionProperties) = preSolution
		HideSolutionNode = FALSE
	EndGlobalSection
	GlobalSection(ExtensibilityGlobals) = postSolution
		SolutionGuid = {FFC849A0-FFDC-4CC0-90B1-B3A136440D6C}
	EndGlobalSection
EndGlobal
